
Microsoft Visual Studio Solution File, Format Version 12.00
# Visual Studio Version 16
VisualStudioVersion = 16.0.31911.196
MinimumVisualStudioVersion = 10.0.40219.1
Project("{FAE04EC0-301F-11D3-BF4B-00C04F79EFBC}") = "Trójkąt", "Trójkąt\Trójkąt.csproj", "{B38738EC-A7F1-4DCC-94AD-AD5EDC32E93A}"
EndProject
Global
	GlobalSection(SolutionConfigurationPlatforms) = preSolution
		Debug|Any CPU = Debug|Any CPU
		Release|Any CPU = Release|Any CPU
	EndGlobalSection
	GlobalSection(ProjectConfigurationPlatforms) = postSolution
		{B38738EC-A7F1-4DCC-94AD-AD5EDC32E93A}.Debug|Any CPU.ActiveCfg = Debug|Any CPU
		{B38738EC-A7F1-4DCC-94AD-AD5EDC32E93A}.Debug|Any CPU.Build.0 = Debug|Any CPU
		{B38738EC-A7F1-4DCC-94AD-AD5EDC32E93A}.Release|Any CPU.ActiveCfg = Release|Any CPU
		{B38738EC-A7F1-4DCC-94AD-AD5EDC32E93A}.Release|Any CPU.Build.0 = Release|Any CPU
	EndGlobalSection
	GlobalSection(SolutionProperties) = preSolution
		HideSolutionNode = FALSE
	EndGlobalSection
	GlobalSection(ExtensibilityGlobals) = postSolution
		SolutionGuid = {837E2C00-E3F2-4CE7-A5FA-2238A9DB9B74}
	EndGlobalSection
EndGlobal
